{
    "_meta": {
        "hash": {
            "sha256": "71a739b1ea84845e6fefd273dda9abde9f565f7d73c53e5d1a17dc60163f7eef"
        },
        "requires": {},
        "sources": [
            {
                "url": "https://pypi.python.org/simple",
                "verify_ssl": true
            }
        ]
    },
    "default": {
        "appnope": {
            "version": "==0.1.0"
        },
        "attrs": {
            "version": "==17.2.0"
        },
        "automat": {
            "version": "==0.6.0"
        },
        "certifi": {
            "version": "==2017.7.27.1"
        },
        "chardet": {
            "version": "==3.0.4"
        },
        "click": {
            "version": "==6.7"
        },
        "constantly": {
            "version": "==15.1.0"
        },
        "decorator": {
            "version": "==4.1.2"
        },
        "flask": {
            "version": "==0.12.2"
        },
        "flask-twisted": {
            "version": "==0.1.2"
        },
        "gspread": {
            "version": "==0.6.2"
        },
        "httplib2": {
            "version": "==0.10.3"
        },
        "hyperlink": {
            "version": "==17.3.0"
        },
        "idna": {
            "version": "==2.5"
        },
        "incremental": {
            "version": "==17.5.0"
        },
        "ipython": {
            "version": "==6.1.0"
        },
        "ipython-genutils": {
            "version": "==0.2.0"
        },
        "itsdangerous": {
            "version": "==0.24"
        },
        "jedi": {
            "version": "==0.10.2"
        },
        "jinja2": {
            "version": "==2.9.6"
        },
        "markupsafe": {
            "version": "==1.0"
        },
        "oauth2client": {
            "version": "==4.1.2"
        },
        "observable": {
            "version": "==0.3.2"
        },
        "pexpect": {
            "version": "==4.2.1"
        },
        "pickleshare": {
            "version": "==0.7.4"
        },
        "prompt-toolkit": {
            "version": "==1.0.15"
        },
        "ptyprocess": {
            "version": "==0.5.2"
        },
        "pyasn1": {
            "version": "==0.3.1"
        },
        "pyasn1-modules": {
            "version": "==0.0.10"
        },
        "pygments": {
            "version": "==2.2.0"
        },
        "pyjwt": {
            "version": "==1.5.0"
        },
        "pysocks": {
            "version": "==1.6.7"
        },
        "pytz": {
            "version": "==2017.2"
        },
        "requests": {
            "version": "==2.18.2"
        },
        "rsa": {
            "version": "==3.4.2"
        },
        "setuptools": {
            "version": "==36.2.4"
        },
        "simplegeneric": {
            "version": "==0.8.1"
        },
        "six": {
            "version": "==1.10.0"
        },
        "traitlets": {
            "version": "==4.3.2"
        },
        "twilio": {
            "version": "==6.4.3"
        },
        "twisted": {
            "version": "==17.5.0"
        },
        "urllib3": {
            "version": "==1.22"
        },
        "wcwidth": {
            "version": "==0.1.7"
        },
        "werkzeug": {
            "version": "==0.12.2"
        },
        "zope.interface": {
            "version": "==4.4.2"
        }
    },
    "develop": {}
}
